
Microsoft Visual Studio Solution File, Format Version 12.00
# Visual Studio Version 16
VisualStudioVersion = 16.0.31911.196
MinimumVisualStudioVersion = 10.0.40219.1
Project("{9A19103F-16F7-4668-BE54-9A1E7A4F7556}") = "PSI_Joyce", "Probleme_info_Joyce\PSI_Joyce.csproj", "{CB693BC8-21D6-4A07-99C2-918FB16AD749}"
EndProject
Project("{9A19103F-16F7-4668-BE54-9A1E7A4F7556}") = "TestProject1", "TestProject1\TestProject1.csproj", "{D1A32287-9979-4FBA-B561-C8B972D9FED2}"
EndProject
Project("{9A19103F-16F7-4668-BE54-9A1E7A4F7556}") = "Interface", "Interface\Interface.csproj", "{7B456CB9-4785-4674-B663-66FB248A5757}"
EndProject
Project("{FAE04EC0-301F-11D3-BF4B-00C04F79EFBC}") = "ReedSolomon", "..\UtilisationReedSolomon\ConsoleApp2\ReedSolomon.csproj", "{F771F2E7-E324-4349-9BFC-7ED19FAE116E}"
EndProject
Global
	GlobalSection(SolutionConfigurationPlatforms) = preSolution
		Debug|Any CPU = Debug|Any CPU
		Release|Any CPU = Release|Any CPU
	EndGlobalSection
	GlobalSection(ProjectConfigurationPlatforms) = postSolution
		{CB693BC8-21D6-4A07-99C2-918FB16AD749}.Debug|Any CPU.ActiveCfg = Debug|Any CPU
		{CB693BC8-21D6-4A07-99C2-918FB16AD749}.Debug|Any CPU.Build.0 = Debug|Any CPU
		{CB693BC8-21D6-4A07-99C2-918FB16AD749}.Release|Any CPU.ActiveCfg = Release|Any CPU
		{CB693BC8-21D6-4A07-99C2-918FB16AD749}.Release|Any CPU.Build.0 = Release|Any CPU
		{D1A32287-9979-4FBA-B561-C8B972D9FED2}.Debug|Any CPU.ActiveCfg = Debug|Any CPU
		{D1A32287-9979-4FBA-B561-C8B972D9FED2}.Debug|Any CPU.Build.0 = Debug|Any CPU
		{D1A32287-9979-4FBA-B561-C8B972D9FED2}.Release|Any CPU.ActiveCfg = Release|Any CPU
		{D1A32287-9979-4FBA-B561-C8B972D9FED2}.Release|Any CPU.Build.0 = Release|Any CPU
		{7B456CB9-4785-4674-B663-66FB248A5757}.Debug|Any CPU.ActiveCfg = Debug|Any CPU
		{7B456CB9-4785-4674-B663-66FB248A5757}.Debug|Any CPU.Build.0 = Debug|Any CPU
		{7B456CB9-4785-4674-B663-66FB248A5757}.Release|Any CPU.ActiveCfg = Release|Any CPU
		{7B456CB9-4785-4674-B663-66FB248A5757}.Release|Any CPU.Build.0 = Release|Any CPU
		{F771F2E7-E324-4349-9BFC-7ED19FAE116E}.Debug|Any CPU.ActiveCfg = Debug|Any CPU
		{F771F2E7-E324-4349-9BFC-7ED19FAE116E}.Debug|Any CPU.Build.0 = Debug|Any CPU
		{F771F2E7-E324-4349-9BFC-7ED19FAE116E}.Release|Any CPU.ActiveCfg = Release|Any CPU
		{F771F2E7-E324-4349-9BFC-7ED19FAE116E}.Release|Any CPU.Build.0 = Release|Any CPU
	EndGlobalSection
	GlobalSection(SolutionProperties) = preSolution
		HideSolutionNode = FALSE
	EndGlobalSection
	GlobalSection(ExtensibilityGlobals) = postSolution
		SolutionGuid = {7357E77D-EE77-48BB-9769-1F6ADAF6B4B7}
	EndGlobalSection
EndGlobal
